
Microsoft Visual Studio Solution File, Format Version 12.00
# Visual Studio 15
VisualStudioVersion = 15.0.26430.16
MinimumVisualStudioVersion = 10.0.40219.1
Project("{9A19103F-16F7-4668-BE54-9A1E7A4F7556}") = "CfAppTestSuite.RequestHeaders", "CfAppTestSuite.RequestHeaders\CfAppTestSuite.RequestHeaders.csproj", "{9DA5625F-6D61-4031-A0A8-F3C9307707C5}"
EndProject
Project("{FAE04EC0-301F-11D3-BF4B-00C04F79EFBC}") = "CfAppTestSuite.DotNetVersions", "CfAppTestSuite.DotNetVersions\CfAppTestSuite.DotNetVersions.csproj", "{82E7E53C-4ED0-4ECB-A279-AB405247762A}"
EndProject
Project("{FAE04EC0-301F-11D3-BF4B-00C04F79EFBC}") = "CfAppTestSuite.Echo", "CfAppTestSuite.Echo\CfAppTestSuite.Echo.csproj", "{1574A2D0-7FE7-4929-8F41-49DC2356D367}"
EndProject
Global
	GlobalSection(SolutionConfigurationPlatforms) = preSolution
		Debug|Any CPU = Debug|Any CPU
		Release|Any CPU = Release|Any CPU
	EndGlobalSection
	GlobalSection(ProjectConfigurationPlatforms) = postSolution
		{9DA5625F-6D61-4031-A0A8-F3C9307707C5}.Debug|Any CPU.ActiveCfg = Debug|Any CPU
		{9DA5625F-6D61-4031-A0A8-F3C9307707C5}.Debug|Any CPU.Build.0 = Debug|Any CPU
		{9DA5625F-6D61-4031-A0A8-F3C9307707C5}.Release|Any CPU.ActiveCfg = Release|Any CPU
		{9DA5625F-6D61-4031-A0A8-F3C9307707C5}.Release|Any CPU.Build.0 = Release|Any CPU
		{82E7E53C-4ED0-4ECB-A279-AB405247762A}.Debug|Any CPU.ActiveCfg = Debug|Any CPU
		{82E7E53C-4ED0-4ECB-A279-AB405247762A}.Debug|Any CPU.Build.0 = Debug|Any CPU
		{82E7E53C-4ED0-4ECB-A279-AB405247762A}.Release|Any CPU.ActiveCfg = Release|Any CPU
		{82E7E53C-4ED0-4ECB-A279-AB405247762A}.Release|Any CPU.Build.0 = Release|Any CPU
		{1574A2D0-7FE7-4929-8F41-49DC2356D367}.Debug|Any CPU.ActiveCfg = Debug|Any CPU
		{1574A2D0-7FE7-4929-8F41-49DC2356D367}.Debug|Any CPU.Build.0 = Debug|Any CPU
		{1574A2D0-7FE7-4929-8F41-49DC2356D367}.Release|Any CPU.ActiveCfg = Release|Any CPU
		{1574A2D0-7FE7-4929-8F41-49DC2356D367}.Release|Any CPU.Build.0 = Release|Any CPU
	EndGlobalSection
	GlobalSection(SolutionProperties) = preSolution
		HideSolutionNode = FALSE
	EndGlobalSection
EndGlobal
