
Microsoft Visual Studio Solution File, Format Version 12.00
# Visual Studio Version 16
VisualStudioVersion = 16.0.29509.3
MinimumVisualStudioVersion = 10.0.40219.1
Project("{9A19103F-16F7-4668-BE54-9A1E7A4F7556}") = "CfAppTestSuite.RequestHeaders", "CfAppTestSuite.RequestHeaders\CfAppTestSuite.RequestHeaders.csproj", "{9DA5625F-6D61-4031-A0A8-F3C9307707C5}"
EndProject
Project("{FAE04EC0-301F-11D3-BF4B-00C04F79EFBC}") = "CfAppTestSuite.DotNetVersions", "CfAppTestSuite.DotNetVersions\CfAppTestSuite.DotNetVersions.csproj", "{82E7E53C-4ED0-4ECB-A279-AB405247762A}"
EndProject
Project("{9A19103F-16F7-4668-BE54-9A1E7A4F7556}") = "CfAppTestSuite.Echo", "CfAppTestSuite.Echo\CfAppTestSuite.Echo.csproj", "{1574A2D0-7FE7-4929-8F41-49DC2356D367}"
EndProject
Project("{FAE04EC0-301F-11D3-BF4B-00C04F79EFBC}") = "CfAppTestSuite.AspNetHttpsRedirect", "CfAppTestSuite.AspNetHttpsRedirect\CfAppTestSuite.AspNetHttpsRedirect.csproj", "{B53B7D86-6F88-400E-AF5F-80B91459FEA6}"
EndProject
Project("{9A19103F-16F7-4668-BE54-9A1E7A4F7556}") = "CfAppTestSuite.AspNetCoreHttpsRedirect", "CfAppTestSuite.AspNetCoreHttpsRedirect\CfAppTestSuite.AspNetCoreHttpsRedirect.csproj", "{9A5D44D5-B4D9-4967-8696-48E45B91CCC3}"
EndProject
Project("{FAE04EC0-301F-11D3-BF4B-00C04F79EFBC}") = "CfAppTestSuite.NancyHttpsRedirect", "CfAppTestSuite.NancyHttpsRedirect\CfAppTestSuite.NancyHttpsRedirect.csproj", "{DA9FC6A2-060F-466C-AFED-5F407FD76CCC}"
EndProject
Project("{9A19103F-16F7-4668-BE54-9A1E7A4F7556}") = "CfAppTestSuite.OutboundConnection", "OutboundConnection\CfAppTestSuite.OutboundConnection.csproj", "{C64EF536-9752-4D83-955C-DBD9F5F538B4}"
EndProject
Global
	GlobalSection(SolutionConfigurationPlatforms) = preSolution
		Debug|Any CPU = Debug|Any CPU
		Release|Any CPU = Release|Any CPU
	EndGlobalSection
	GlobalSection(ProjectConfigurationPlatforms) = postSolution
		{9DA5625F-6D61-4031-A0A8-F3C9307707C5}.Debug|Any CPU.ActiveCfg = Debug|Any CPU
		{9DA5625F-6D61-4031-A0A8-F3C9307707C5}.Debug|Any CPU.Build.0 = Debug|Any CPU
		{9DA5625F-6D61-4031-A0A8-F3C9307707C5}.Release|Any CPU.ActiveCfg = Release|Any CPU
		{9DA5625F-6D61-4031-A0A8-F3C9307707C5}.Release|Any CPU.Build.0 = Release|Any CPU
		{82E7E53C-4ED0-4ECB-A279-AB405247762A}.Debug|Any CPU.ActiveCfg = Debug|Any CPU
		{82E7E53C-4ED0-4ECB-A279-AB405247762A}.Debug|Any CPU.Build.0 = Debug|Any CPU
		{82E7E53C-4ED0-4ECB-A279-AB405247762A}.Release|Any CPU.ActiveCfg = Release|Any CPU
		{82E7E53C-4ED0-4ECB-A279-AB405247762A}.Release|Any CPU.Build.0 = Release|Any CPU
		{1574A2D0-7FE7-4929-8F41-49DC2356D367}.Debug|Any CPU.ActiveCfg = Debug|Any CPU
		{1574A2D0-7FE7-4929-8F41-49DC2356D367}.Debug|Any CPU.Build.0 = Debug|Any CPU
		{1574A2D0-7FE7-4929-8F41-49DC2356D367}.Release|Any CPU.ActiveCfg = Release|Any CPU
		{1574A2D0-7FE7-4929-8F41-49DC2356D367}.Release|Any CPU.Build.0 = Release|Any CPU
		{B53B7D86-6F88-400E-AF5F-80B91459FEA6}.Debug|Any CPU.ActiveCfg = Debug|Any CPU
		{B53B7D86-6F88-400E-AF5F-80B91459FEA6}.Debug|Any CPU.Build.0 = Debug|Any CPU
		{B53B7D86-6F88-400E-AF5F-80B91459FEA6}.Release|Any CPU.ActiveCfg = Release|Any CPU
		{B53B7D86-6F88-400E-AF5F-80B91459FEA6}.Release|Any CPU.Build.0 = Release|Any CPU
		{9A5D44D5-B4D9-4967-8696-48E45B91CCC3}.Debug|Any CPU.ActiveCfg = Debug|Any CPU
		{9A5D44D5-B4D9-4967-8696-48E45B91CCC3}.Debug|Any CPU.Build.0 = Debug|Any CPU
		{9A5D44D5-B4D9-4967-8696-48E45B91CCC3}.Release|Any CPU.ActiveCfg = Release|Any CPU
		{9A5D44D5-B4D9-4967-8696-48E45B91CCC3}.Release|Any CPU.Build.0 = Release|Any CPU
		{DA9FC6A2-060F-466C-AFED-5F407FD76CCC}.Debug|Any CPU.ActiveCfg = Debug|Any CPU
		{DA9FC6A2-060F-466C-AFED-5F407FD76CCC}.Debug|Any CPU.Build.0 = Debug|Any CPU
		{DA9FC6A2-060F-466C-AFED-5F407FD76CCC}.Release|Any CPU.ActiveCfg = Release|Any CPU
		{DA9FC6A2-060F-466C-AFED-5F407FD76CCC}.Release|Any CPU.Build.0 = Release|Any CPU
		{C64EF536-9752-4D83-955C-DBD9F5F538B4}.Debug|Any CPU.ActiveCfg = Debug|Any CPU
		{C64EF536-9752-4D83-955C-DBD9F5F538B4}.Debug|Any CPU.Build.0 = Debug|Any CPU
		{C64EF536-9752-4D83-955C-DBD9F5F538B4}.Release|Any CPU.ActiveCfg = Release|Any CPU
		{C64EF536-9752-4D83-955C-DBD9F5F538B4}.Release|Any CPU.Build.0 = Release|Any CPU
	EndGlobalSection
	GlobalSection(SolutionProperties) = preSolution
		HideSolutionNode = FALSE
	EndGlobalSection
	GlobalSection(ExtensibilityGlobals) = postSolution
		SolutionGuid = {6F656395-06FA-4AA1-8D1E-D900F692D8D3}
	EndGlobalSection
EndGlobal
